{
  "requires": true,
  "lockfileVersion": 1,
  "dependencies": {
    "@types/googlemaps": {
      "version": "3.30.8",
      "resolved": "https://registry.npmjs.org/@types/googlemaps/-/googlemaps-3.30.8.tgz",
      "integrity": "sha512-VbV2KHWCqU4ei+qZmmFJOLepCQH5iT7OPpbrnpJxGbNgHsNg+fdNE0smUm+h3STcfcnZPTWTY3yRCNYIleDGYw=="
    }
  }
}
